{
  "version": 4,
  "terraform_version": "1.4.6",
  "serial": 41,
  "lineage": "1480a04d-fb27-bbfc-de0d-891864c20781",
  "outputs": {
    "proxy_url": {
      "value": "ec2-3-111-23-61.ap-south-1.compute.amazonaws.com",
      "type": "string"
    }
  },
  "resources": [
    {
      "module": "module.aws_proxy",
      "mode": "managed",
      "type": "aws_cloudwatch_event_rule",
      "name": "rotation_rule",
      "provider": "provider[\"registry.terraform.io/hashicorp/aws\"]",
      "instances": [
        {
          "schema_version": 1,
          "attributes": {
            "arn": "arn:aws:events:ap-south-1:970265986031:rule/proxy-rotation",
            "description": "",
            "event_bus_name": "default",
            "event_pattern": null,
            "force_destroy": false,
            "id": "proxy-rotation",
            "is_enabled": true,
            "name": "proxy-rotation",
            "name_prefix": "",
            "role_arn": "",
            "schedule_expression": "rate(10 minutes)",
            "state": "ENABLED",
            "tags": null,
            "tags_all": {}
          },
          "sensitive_attributes": [],
          "private": "eyJzY2hlbWFfdmVyc2lvbiI6IjEifQ=="
        }
      ]
    },
    {
      "module": "module.aws_proxy",
      "mode": "managed",
      "type": "aws_cloudwatch_event_target",
      "name": "rotation_target",
      "provider": "provider[\"registry.terraform.io/hashicorp/aws\"]",
      "instances": [
        {
          "schema_version": 1,
          "attributes": {
            "arn": "arn:aws:lambda:ap-south-1:970265986031:function:EC2InstanceManager",
            "batch_target": [],
            "dead_letter_config": [],
            "ecs_target": [],
            "event_bus_name": "default",
            "http_target": [],
            "id": "proxy-rotation-EC2InstanceManager",
            "input": "",
            "input_path": "",
            "input_transformer": [],
            "kinesis_target": [],
            "redshift_target": [],
            "retry_policy": [],
            "role_arn": "",
            "rule": "proxy-rotation",
            "run_command_targets": [],
            "sagemaker_pipeline_target": [],
            "sqs_target": [],
            "target_id": "EC2InstanceManager"
          },
          "sensitive_attributes": [],
          "private": "eyJzY2hlbWFfdmVyc2lvbiI6IjEifQ==",
          "dependencies": [
            "module.aws_proxy.aws_cloudwatch_event_rule.rotation_rule",
            "module.aws_proxy.aws_iam_role.lambda_role",
            "module.aws_proxy.aws_instance.proxy",
            "module.aws_proxy.aws_lambda_function.ec2_management_function",
            "module.aws_proxy.aws_security_group.proxy_sg"
          ]
        }
      ]
    },
    {
      "module": "module.aws_proxy",
      "mode": "managed",
      "type": "aws_iam_policy",
      "name": "lambda_policy",
      "provider": "provider[\"registry.terraform.io/hashicorp/aws\"]",
      "instances": [
        {
          "schema_version": 0,
          "attributes": {
            "arn": "arn:aws:iam::970265986031:policy/lambda_ec2_management_policy",
            "attachment_count": 0,
            "description": "",
            "id": "arn:aws:iam::970265986031:policy/lambda_ec2_management_policy",
            "name": "lambda_ec2_management_policy",
            "name_prefix": "",
            "path": "/",
            "policy": "{\"Statement\":[{\"Action\":[\"ec2:*\"],\"Effect\":\"Allow\",\"Resource\":\"*\"}],\"Version\":\"2012-10-17\"}",
            "policy_id": "ANPA6D2C4APXRRPXFFK2T",
            "tags": null,
            "tags_all": {}
          },
          "sensitive_attributes": [],
          "private": "bnVsbA=="
        }
      ]
    },
    {
      "module": "module.aws_proxy",
      "mode": "managed",
      "type": "aws_iam_role",
      "name": "lambda_role",
      "provider": "provider[\"registry.terraform.io/hashicorp/aws\"]",
      "instances": [
        {
          "schema_version": 0,
          "attributes": {
            "arn": "arn:aws:iam::970265986031:role/lambda_ec2_management_role",
            "assume_role_policy": "{\"Statement\":[{\"Action\":\"sts:AssumeRole\",\"Effect\":\"Allow\",\"Principal\":{\"Service\":\"lambda.amazonaws.com\"}}],\"Version\":\"2012-10-17\"}",
            "create_date": "2024-04-28T03:22:15Z",
            "description": "",
            "force_detach_policies": false,
            "id": "lambda_ec2_management_role",
            "inline_policy": [],
            "managed_policy_arns": [],
            "max_session_duration": 3600,
            "name": "lambda_ec2_management_role",
            "name_prefix": "",
            "path": "/",
            "permissions_boundary": "",
            "tags": null,
            "tags_all": {},
            "unique_id": "AROA6D2C4APXQEKJIKMEU"
          },
          "sensitive_attributes": [],
          "private": "bnVsbA=="
        }
      ]
    },
    {
      "module": "module.aws_proxy",
      "mode": "managed",
      "type": "aws_iam_role_policy_attachment",
      "name": "lambda_policy_attachment",
      "provider": "provider[\"registry.terraform.io/hashicorp/aws\"]",
      "instances": [
        {
          "schema_version": 0,
          "attributes": {
            "id": "lambda_ec2_management_role-20240428032216001400000001",
            "policy_arn": "arn:aws:iam::970265986031:policy/lambda_ec2_management_policy",
            "role": "lambda_ec2_management_role"
          },
          "sensitive_attributes": [],
          "private": "bnVsbA==",
          "dependencies": [
            "module.aws_proxy.aws_iam_policy.lambda_policy",
            "module.aws_proxy.aws_iam_role.lambda_role"
          ]
        }
      ]
    },
    {
      "module": "module.aws_proxy",
      "mode": "managed",
      "type": "aws_instance",
      "name": "proxy",
      "provider": "provider[\"registry.terraform.io/hashicorp/aws\"]",
      "instances": [
        {
          "schema_version": 1,
          "attributes": {
            "ami": "ami-0aef871962c23384f",
            "arn": "arn:aws:ec2:ap-south-1:970265986031:instance/i-0e74afd789846bb29",
            "associate_public_ip_address": true,
            "availability_zone": "ap-south-1a",
            "capacity_reservation_specification": [
              {
                "capacity_reservation_preference": "open",
                "capacity_reservation_target": []
              }
            ],
            "cpu_core_count": 1,
            "cpu_options": [
              {
                "amd_sev_snp": "",
                "core_count": 1,
                "threads_per_core": 1
              }
            ],
            "cpu_threads_per_core": 1,
            "credit_specification": [
              {
                "cpu_credits": "standard"
              }
            ],
            "disable_api_stop": false,
            "disable_api_termination": false,
            "ebs_block_device": [],
            "ebs_optimized": false,
            "enclave_options": [
              {
                "enabled": false
              }
            ],
            "ephemeral_block_device": [],
            "get_password_data": false,
            "hibernation": false,
            "host_id": "",
            "host_resource_group_arn": null,
            "iam_instance_profile": "",
            "id": "i-0e74afd789846bb29",
            "instance_initiated_shutdown_behavior": "stop",
            "instance_lifecycle": "",
            "instance_market_options": [],
            "instance_state": "running",
            "instance_type": "t2.micro",
            "ipv6_address_count": 0,
            "ipv6_addresses": [],
            "key_name": "wazuh-key-pair",
            "launch_template": [],
            "maintenance_options": [
              {
                "auto_recovery": "default"
              }
            ],
            "metadata_options": [
              {
                "http_endpoint": "enabled",
                "http_protocol_ipv6": "disabled",
                "http_put_response_hop_limit": 1,
                "http_tokens": "optional",
                "instance_metadata_tags": "disabled"
              }
            ],
            "monitoring": false,
            "network_interface": [],
            "outpost_arn": "",
            "password_data": "",
            "placement_group": "",
            "placement_partition_number": 0,
            "primary_network_interface_id": "eni-099f7336bbde246cd",
            "private_dns": "ip-10-25-48-105.ap-south-1.compute.internal",
            "private_dns_name_options": [
              {
                "enable_resource_name_dns_a_record": false,
                "enable_resource_name_dns_aaaa_record": false,
                "hostname_type": "ip-name"
              }
            ],
            "private_ip": "10.25.48.105",
            "public_dns": "ec2-3-111-23-61.ap-south-1.compute.amazonaws.com",
            "public_ip": "3.111.23.61",
            "root_block_device": [
              {
                "delete_on_termination": true,
                "device_name": "/dev/xvda",
                "encrypted": false,
                "iops": 100,
                "kms_key_id": "",
                "tags": {},
                "tags_all": {},
                "throughput": 0,
                "volume_id": "vol-08626de03ca09f2ab",
                "volume_size": 8,
                "volume_type": "gp2"
              }
            ],
            "secondary_private_ips": [],
            "security_groups": [],
            "source_dest_check": true,
            "spot_instance_request_id": "",
            "subnet_id": "subnet-0bd092711cebf2535",
            "tags": {
              "Name": "proxy-instance"
            },
            "tags_all": {
              "Name": "proxy-instance"
            },
            "tenancy": "default",
            "timeouts": null,
            "user_data": "745335bd9269f4c13f85c9bdf55793d812c5720a",
            "user_data_base64": null,
            "user_data_replace_on_change": false,
            "volume_tags": null,
            "vpc_security_group_ids": [
              "sg-0bdfb093e8c47429f"
            ]
          },
          "sensitive_attributes": [],
          "private": "eyJlMmJmYjczMC1lY2FhLTExZTYtOGY4OC0zNDM2M2JjN2M0YzAiOnsiY3JlYXRlIjo2MDAwMDAwMDAwMDAsImRlbGV0ZSI6MTIwMDAwMDAwMDAwMCwicmVhZCI6OTAwMDAwMDAwMDAwLCJ1cGRhdGUiOjYwMDAwMDAwMDAwMH0sInNjaGVtYV92ZXJzaW9uIjoiMSJ9",
          "dependencies": [
            "module.aws_proxy.aws_security_group.proxy_sg"
          ],
          "create_before_destroy": true
        }
      ]
    },
    {
      "module": "module.aws_proxy",
      "mode": "managed",
      "type": "aws_lambda_function",
      "name": "ec2_management_function",
      "provider": "provider[\"registry.terraform.io/hashicorp/aws\"]",
      "instances": [
        {
          "schema_version": 0,
          "attributes": {
            "architectures": [
              "x86_64"
            ],
            "arn": "arn:aws:lambda:ap-south-1:970265986031:function:EC2InstanceManager",
            "code_signing_config_arn": "",
            "dead_letter_config": [],
            "description": "",
            "environment": [
              {
                "variables": {
                  "AMI_ID": "ami-0aef871962c23384f",
                  "INSTANCE_ID": "i-0e74afd789846bb29",
                  "INSTANCE_NAME": "proxy-instance",
                  "INSTANCE_TYPE": "t2.micro",
                  "KEY_NAME": "wazuh-key-pair",
                  "SECURITY_GROUP_ID": "sg-0bdfb093e8c47429f",
                  "SUBNET_ID": "subnet-0bd092711cebf2535",
                  "USER_DATA": "#!/bin/bash\nyum update -y\nyum install -y squid\nyum install -y httpd-tools\ncat \u003c\u003cEOF \u003e /etc/squid/squid.conf\nhttp_port 3128\nacl localnet src $(echo \"$(join(\" \", var.allowed_ips))\")\nhttp_access allow localnet\nhttp_access deny all\nauth_param basic program /usr/lib64/squid/basic_ncsa_auth /etc/squid/passwords\nauth_param basic children 5\nauth_param basic realm Squid proxy server\nauth_param basic credentialsttl 2 hours\nacl auth_user proxy_auth REQUIRED\nhttp_access allow auth_user\nEOF\n                \nhtpasswd -b -c /etc/squid/passwords  user password\nservice squid enable\nservice squid start\n"
                }
              }
            ],
            "ephemeral_storage": [
              {
                "size": 512
              }
            ],
            "file_system_config": [],
            "filename": "./lambda_function.zip",
            "function_name": "EC2InstanceManager",
            "handler": "lambda_function.lambda_handler",
            "id": "EC2InstanceManager",
            "image_config": [],
            "image_uri": "",
            "invoke_arn": "arn:aws:apigateway:ap-south-1:lambda:path/2015-03-31/functions/arn:aws:lambda:ap-south-1:970265986031:function:EC2InstanceManager/invocations",
            "kms_key_arn": "",
            "last_modified": "2024-04-28T03:22:52.242+0000",
            "layers": null,
            "logging_config": [
              {
                "application_log_level": "",
                "log_format": "Text",
                "log_group": "/aws/lambda/EC2InstanceManager",
                "system_log_level": ""
              }
            ],
            "memory_size": 128,
            "package_type": "Zip",
            "publish": false,
            "qualified_arn": "arn:aws:lambda:ap-south-1:970265986031:function:EC2InstanceManager:$LATEST",
            "qualified_invoke_arn": "arn:aws:apigateway:ap-south-1:lambda:path/2015-03-31/functions/arn:aws:lambda:ap-south-1:970265986031:function:EC2InstanceManager:$LATEST/invocations",
            "replace_security_groups_on_destroy": null,
            "replacement_security_group_ids": null,
            "reserved_concurrent_executions": -1,
            "role": "arn:aws:iam::970265986031:role/lambda_ec2_management_role",
            "runtime": "python3.8",
            "s3_bucket": null,
            "s3_key": null,
            "s3_object_version": null,
            "signing_job_arn": "",
            "signing_profile_version_arn": "",
            "skip_destroy": false,
            "snap_start": [],
            "source_code_hash": "kY0JlXkfGzBtEGhTmgpZlw7bHQc7/Yv+nPtuO+1ljr0=",
            "source_code_size": 993,
            "tags": null,
            "tags_all": {},
            "timeout": 300,
            "timeouts": null,
            "tracing_config": [
              {
                "mode": "PassThrough"
              }
            ],
            "version": "$LATEST",
            "vpc_config": []
          },
          "sensitive_attributes": [],
          "private": "eyJlMmJmYjczMC1lY2FhLTExZTYtOGY4OC0zNDM2M2JjN2M0YzAiOnsiY3JlYXRlIjo2MDAwMDAwMDAwMDAsImRlbGV0ZSI6NjAwMDAwMDAwMDAwLCJ1cGRhdGUiOjYwMDAwMDAwMDAwMH19",
          "dependencies": [
            "module.aws_proxy.aws_iam_role.lambda_role",
            "module.aws_proxy.aws_instance.proxy",
            "module.aws_proxy.aws_security_group.proxy_sg"
          ]
        }
      ]
    },
    {
      "module": "module.aws_proxy",
      "mode": "managed",
      "type": "aws_security_group",
      "name": "proxy_sg",
      "provider": "provider[\"registry.terraform.io/hashicorp/aws\"]",
      "instances": [
        {
          "schema_version": 1,
          "attributes": {
            "arn": "arn:aws:ec2:ap-south-1:970265986031:security-group/sg-0bdfb093e8c47429f",
            "description": "Security group for the proxy server",
            "egress": [
              {
                "cidr_blocks": [
                  "0.0.0.0/0"
                ],
                "description": "",
                "from_port": 0,
                "ipv6_cidr_blocks": [
                  "::/0"
                ],
                "prefix_list_ids": [],
                "protocol": "-1",
                "security_groups": [],
                "self": false,
                "to_port": 0
              }
            ],
            "id": "sg-0bdfb093e8c47429f",
            "ingress": [
              {
                "cidr_blocks": [
                  "0.0.0.0/0"
                ],
                "description": "",
                "from_port": 0,
                "ipv6_cidr_blocks": [
                  "::/0"
                ],
                "prefix_list_ids": [],
                "protocol": "-1",
                "security_groups": [],
                "self": false,
                "to_port": 0
              }
            ],
            "name": "proxy-sg",
            "name_prefix": "",
            "owner_id": "970265986031",
            "revoke_rules_on_delete": false,
            "tags": null,
            "tags_all": {},
            "timeouts": null,
            "vpc_id": "vpc-03305cd6e0598c528"
          },
          "sensitive_attributes": [],
          "private": "eyJlMmJmYjczMC1lY2FhLTExZTYtOGY4OC0zNDM2M2JjN2M0YzAiOnsiY3JlYXRlIjo2MDAwMDAwMDAwMDAsImRlbGV0ZSI6OTAwMDAwMDAwMDAwfSwic2NoZW1hX3ZlcnNpb24iOiIxIn0=",
          "create_before_destroy": true
        }
      ]
    }
  ],
  "check_results": null
}
